// !$*UTF8*$!
{
	archiveVersion = 1;
	classes = {
	};
	objectVersion = 46;
	objects = {

/* Begin PBXBuildFile section */
		7F013B8F1C3D26180063172D /* AppDelegate.swift in Sources */ = {isa = PBXBuildFile; fileRef = 7F013B8E1C3D26180063172D /* AppDelegate.swift */; };
		7F013B911C3D26180063172D /* ViewController.swift in Sources */ = {isa = PBXBuildFile; fileRef = 7F013B901C3D26180063172D /* ViewController.swift */; };
		7F013B941C3D26180063172D /* Main.storyboard in Resources */ = {isa = PBXBuildFile; fileRef = 7F013B921C3D26180063172D /* Main.storyboard */; };
		7F013B961C3D26180063172D /* Assets.xcassets in Resources */ = {isa = PBXBuildFile; fileRef = 7F013B951C3D26180063172D /* Assets.xcassets */; };
		7F013B991C3D26180063172D /* LaunchScreen.storyboard in Resources */ = {isa = PBXBuildFile; fileRef = 7F013B971C3D26180063172D /* LaunchScreen.storyboard */; };
		7F013BA41C3D26190063172D /* TCLScreenViewTests.swift in Sources */ = {isa = PBXBuildFile; fileRef = 7F013BA31C3D26190063172D /* TCLScreenViewTests.swift */; };
		7F013BAF1C3D26190063172D /* TCLScreenViewUITests.swift in Sources */ = {isa = PBXBuildFile; fileRef = 7F013BAE1C3D26190063172D /* TCLScreenViewUITests.swift */; };
		7F013BC21C3D264C0063172D /* down@2x.png in Resources */ = {isa = PBXBuildFile; fileRef = 7F013BBD1C3D264C0063172D /* down@2x.png */; };
		7F013BC31C3D264C0063172D /* TCLScreenView.swift in Sources */ = {isa = PBXBuildFile; fileRef = 7F013BBE1C3D264C0063172D /* TCLScreenView.swift */; };
		7F013BC41C3D264C0063172D /* TCLYButton.swift in Sources */ = {isa = PBXBuildFile; fileRef = 7F013BBF1C3D264C0063172D /* TCLYButton.swift */; };
		7F013BC51C3D264C0063172D /* up@2x.png in Resources */ = {isa = PBXBuildFile; fileRef = 7F013BC01C3D264C0063172D /* up@2x.png */; };
		7F013BC61C3D264C0063172D /* vertical_line@2x.png in Resources */ = {isa = PBXBuildFile; fileRef = 7F013BC11C3D264C0063172D /* vertical_line@2x.png */; };
/* End PBXBuildFile section */

/* Begin PBXContainerItemProxy section */
		7F013BA01C3D26180063172D /* PBXContainerItemProxy */ = {
			isa = PBXContainerItemProxy;
			containerPortal = 7F013B831C3D26180063172D /* Project object */;
			proxyType = 1;
			remoteGlobalIDString = 7F013B8A1C3D26180063172D;
			remoteInfo = TCLScreenView;
		};
		7F013BAB1C3D26190063172D /* PBXContainerItemProxy */ = {
			isa = PBXContainerItemProxy;
			containerPortal = 7F013B831C3D26180063172D /* Project object */;
			proxyType = 1;
			remoteGlobalIDString = 7F013B8A1C3D26180063172D;
			remoteInfo = TCLScreenView;
		};
/* End PBXContainerItemProxy section */

/* Begin PBXFileReference section */
		7F013B8B1C3D26180063172D /* TCLScreenView.app */ = {isa = PBXFileReference; explicitFileType = wrapper.application; includeInIndex = 0; path = TCLScreenView.app; sourceTree = BUILT_PRODUCTS_DIR; };
		7F013B8E1C3D26180063172D /* AppDelegate.swift */ = {isa = PBXFileReference; lastKnownFileType = sourcecode.swift; path = AppDelegate.swift; sourceTree = "<group>"; };
		7F013B901C3D26180063172D /* ViewController.swift */ = {isa = PBXFileReference; lastKnownFileType = sourcecode.swift; path = ViewController.swift; sourceTree = "<group>"; };
		7F013B931C3D26180063172D /* Base */ = {isa = PBXFileReference; lastKnownFileType = file.storyboard; name = Base; path = Base.lproj/Main.storyboard; sourceTree = "<group>"; };
		7F013B951C3D26180063172D /* Assets.xcassets */ = {isa = PBXFileReference; lastKnownFileType = folder.assetcatalog; path = Assets.xcassets; sourceTree = "<group>"; };
		7F013B981C3D26180063172D /* Base */ = {isa = PBXFileReference; lastKnownFileType = file.storyboard; name = Base; path = Base.lproj/LaunchScreen.storyboard; sourceTree = "<group>"; };
		7F013B9A1C3D26180063172D /* Info.plist */ = {isa = PBXFileReference; lastKnownFileType = text.plist.xml; path = Info.plist; sourceTree = "<group>"; };
		7F013B9F1C3D26180063172D /* TCLScreenViewTests.xctest */ = {isa = PBXFileReference; explicitFileType = wrapper.cfbundle; includeInIndex = 0; path = TCLScreenViewTests.xctest; sourceTree = BUILT_PRODUCTS_DIR; };
		7F013BA31C3D26190063172D /* TCLScreenViewTests.swift */ = {isa = PBXFileReference; lastKnownFileType = sourcecode.swift; path = TCLScreenViewTests.swift; sourceTree = "<group>"; };
		7F013BA51C3D26190063172D /* Info.plist */ = {isa = PBXFileReference; lastKnownFileType = text.plist.xml; path = Info.plist; sourceTree = "<group>"; };
		7F013BAA1C3D26190063172D /* TCLScreenViewUITests.xctest */ = {isa = PBXFileReference; explicitFileType = wrapper.cfbundle; includeInIndex = 0; path = TCLScreenViewUITests.xctest; sourceTree = BUILT_PRODUCTS_DIR; };
		7F013BAE1C3D26190063172D /* TCLScreenViewUITests.swift */ = {isa = PBXFileReference; lastKnownFileType = sourcecode.swift; path = TCLScreenViewUITests.swift; sourceTree = "<group>"; };
		7F013BB01C3D26190063172D /* Info.plist */ = {isa = PBXFileReference; lastKnownFileType = text.plist.xml; path = Info.plist; sourceTree = "<group>"; };
		7F013BBD1C3D264C0063172D /* down@2x.png */ = {isa = PBXFileReference; lastKnownFileType = image.png; path = "down@2x.png"; sourceTree = "<group>"; };
		7F013BBE1C3D264C0063172D /* TCLScreenView.swift */ = {isa = PBXFileReference; fileEncoding = 4; lastKnownFileType = sourcecode.swift; path = TCLScreenView.swift; sourceTree = "<group>"; };
		7F013BBF1C3D264C0063172D /* TCLYButton.swift */ = {isa = PBXFileReference; fileEncoding = 4; lastKnownFileType = sourcecode.swift; path = TCLYButton.swift; sourceTree = "<group>"; };
		7F013BC01C3D264C0063172D /* up@2x.png */ = {isa = PBXFileReference; lastKnownFileType = image.png; path = "up@2x.png"; sourceTree = "<group>"; };
		7F013BC11C3D264C0063172D /* vertical_line@2x.png */ = {isa = PBXFileReference; lastKnownFileType = image.png; path = "vertical_line@2x.png"; sourceTree = "<group>"; };
/* End PBXFileReference section */

/* Begin PBXFrameworksBuildPhase section */
		7F013B881C3D26180063172D /* Frameworks */ = {
			isa = PBXFrameworksBuildPhase;
			buildActionMask = 2147483647;
			files = (
			);
			runOnlyForDeploymentPostprocessing = 0;
		};
		7F013B9C1C3D26180063172D /* Frameworks */ = {
			isa = PBXFrameworksBuildPhase;
			buildActionMask = 2147483647;
			files = (
			);
			runOnlyForDeploymentPostprocessing = 0;
		};
		7F013BA71C3D26190063172D /* Frameworks */ = {
			isa = PBXFrameworksBuildPhase;
			buildActionMask = 2147483647;
			files = (
			);
			runOnlyForDeploymentPostprocessing = 0;
		};
/* End PBXFrameworksBuildPhase section */

/* Begin PBXGroup section */
		7F013B821C3D26180063172D = {
			isa = PBXGroup;
			children = (
				7F013B8D1C3D26180063172D /* TCLScreenView */,
				7F013BA21C3D26180063172D /* TCLScreenViewTests */,
				7F013BAD1C3D26190063172D /* TCLScreenViewUITests */,
				7F013B8C1C3D26180063172D /* Products */,
			);
			sourceTree = "<group>";
		};
		7F013B8C1C3D26180063172D /* Products */ = {
			isa = PBXGroup;
			children = (
				7F013B8B1C3D26180063172D /* TCLScreenView.app */,
				7F013B9F1C3D26180063172D /* TCLScreenViewTests.xctest */,
				7F013BAA1C3D26190063172D /* TCLScreenViewUITests.xctest */,
			);
			name = Products;
			sourceTree = "<group>";
		};
		7F013B8D1C3D26180063172D /* TCLScreenView */ = {
			isa = PBXGroup;
			children = (
				7F013BBC1C3D264C0063172D /* TCLScreenView */,
				7F013B8E1C3D26180063172D /* AppDelegate.swift */,
				7F013B901C3D26180063172D /* ViewController.swift */,
				7F013B921C3D26180063172D /* Main.storyboard */,
				7F013B951C3D26180063172D /* Assets.xcassets */,
				7F013B971C3D26180063172D /* LaunchScreen.storyboard */,
				7F013B9A1C3D26180063172D /* Info.plist */,
			);
			path = TCLScreenView;
			sourceTree = "<group>";
		};
		7F013BA21C3D26180063172D /* TCLScreenViewTests */ = {
			isa = PBXGroup;
			children = (
				7F013BA31C3D26190063172D /* TCLScreenViewTests.swift */,
				7F013BA51C3D26190063172D /* Info.plist */,
			);
			path = TCLScreenViewTests;
			sourceTree = "<group>";
		};
		7F013BAD1C3D26190063172D /* TCLScreenViewUITests */ = {
			isa = PBXGroup;
			children = (
				7F013BAE1C3D26190063172D /* TCLScreenViewUITests.swift */,
				7F013BB01C3D26190063172D /* Info.plist */,
			);
			path = TCLScreenViewUITests;
			sourceTree = "<group>";
		};
		7F013BBC1C3D264C0063172D /* TCLScreenView */ = {
			isa = PBXGroup;
			children = (
				7F013BBD1C3D264C0063172D /* down@2x.png */,
				7F013BBE1C3D264C0063172D /* TCLScreenView.swift */,
				7F013BBF1C3D264C0063172D /* TCLYButton.swift */,
				7F013BC01C3D264C0063172D /* up@2x.png */,
				7F013BC11C3D264C0063172D /* vertical_line@2x.png */,
			);
			path = TCLScreenView;
			sourceTree = "<group>";
		};
/* End PBXGroup section */

/* Begin PBXNativeTarget section */
		7F013B8A1C3D26180063172D /* TCLScreenView */ = {
			isa = PBXNativeTarget;
			buildConfigurationList = 7F013BB31C3D26190063172D /* Build configuration list for PBXNativeTarget "TCLScreenView" */;
			buildPhases = (
				7F013B871C3D26180063172D /* Sources */,
				7F013B881C3D26180063172D /* Frameworks */,
				7F013B891C3D26180063172D /* Resources */,
			);
			buildRules = (
			);
			dependencies = (
			);
			name = TCLScreenView;
			productName = TCLScreenView;
			productReference = 7F013B8B1C3D26180063172D /* TCLScreenView.app */;
			productType = "com.apple.product-type.application";
		};
		7F013B9E1C3D26180063172D /* TCLScreenViewTests */ = {
			isa = PBXNativeTarget;
			buildConfigurationList = 7F013BB61C3D26190063172D /* Build configuration list for PBXNativeTarget "TCLScreenViewTests" */;
			buildPhases = (
				7F013B9B1C3D26180063172D /* Sources */,
				7F013B9C1C3D26180063172D /* Frameworks */,
				7F013B9D1C3D26180063172D /* Resources */,
			);
			buildRules = (
			);
			dependencies = (
				7F013BA11C3D26180063172D /* PBXTargetDependency */,
			);
			name = TCLScreenViewTests;
			productName = TCLScreenViewTests;
			productReference = 7F013B9F1C3D26180063172D /* TCLScreenViewTests.xctest */;
			productType = "com.apple.product-type.bundle.unit-test";
		};
		7F013BA91C3D26190063172D /* TCLScreenViewUITests */ = {
			isa = PBXNativeTarget;
			buildConfigurationList = 7F013BB91C3D26190063172D /* Build configuration list for PBXNativeTarget "TCLScreenViewUITests" */;
			buildPhases = (
				7F013BA61C3D26190063172D /* Sources */,
				7F013BA71C3D26190063172D /* Frameworks */,
				7F013BA81C3D26190063172D /* Resources */,
			);
			buildRules = (
			);
			dependencies = (
				7F013BAC1C3D26190063172D /* PBXTargetDependency */,
			);
			name = TCLScreenViewUITests;
			productName = TCLScreenViewUITests;
			productReference = 7F013BAA1C3D26190063172D /* TCLScreenViewUITests.xctest */;
			productType = "com.apple.product-type.bundle.ui-testing";
		};
/* End PBXNativeTarget section */

/* Begin PBXProject section */
		7F013B831C3D26180063172D /* Project object */ = {
			isa = PBXProject;
			attributes = {
				LastSwiftUpdateCheck = 0720;
				LastUpgradeCheck = 0720;
				ORGANIZATIONNAME = alitan2014;
				TargetAttributes = {
					7F013B8A1C3D26180063172D = {
						CreatedOnToolsVersion = 7.2;
					};
					7F013B9E1C3D26180063172D = {
						CreatedOnToolsVersion = 7.2;
						TestTargetID = 7F013B8A1C3D26180063172D;
					};
					7F013BA91C3D26190063172D = {
						CreatedOnToolsVersion = 7.2;
						TestTargetID = 7F013B8A1C3D26180063172D;
					};
				};
			};
			buildConfigurationList = 7F013B861C3D26180063172D /* Build configuration list for PBXProject "TCLScreenView" */;
			compatibilityVersion = "Xcode 3.2";
			developmentRegion = English;
			hasScannedForEncodings = 0;
			knownRegions = (
				en,
				Base,
			);
			mainGroup = 7F013B821C3D26180063172D;
			productRefGroup = 7F013B8C1C3D26180063172D /* Products */;
			projectDirPath = "";
			projectRoot = "";
			targets = (
				7F013B8A1C3D26180063172D /* TCLScreenView */,
				7F013B9E1C3D26180063172D /* TCLScreenViewTests */,
				7F013BA91C3D26190063172D /* TCLScreenViewUITests */,
			);
		};
/* End PBXProject section */

/* Begin PBXResourcesBuildPhase section */
		7F013B891C3D26180063172D /* Resources */ = {
			isa = PBXResourcesBuildPhase;
			buildActionMask = 2147483647;
			files = (
				7F013BC21C3D264C0063172D /* down@2x.png in Resources */,
				7F013B991C3D26180063172D /* LaunchScreen.storyboard in Resources */,
				7F013B961C3D26180063172D /* Assets.xcassets in Resources */,
				7F013BC51C3D264C0063172D /* up@2x.png in Resources */,
				7F013BC61C3D264C0063172D /* vertical_line@2x.png in Resources */,
				7F013B941C3D26180063172D /* Main.storyboard in Resources */,
			);
			runOnlyForDeploymentPostprocessing = 0;
		};
		7F013B9D1C3D26180063172D /* Resources */ = {
			isa = PBXResourcesBuildPhase;
			buildActionMask = 2147483647;
			files = (
			);
			runOnlyForDeploymentPostprocessing = 0;
		};
		7F013BA81C3D26190063172D /* Resources */ = {
			isa = PBXResourcesBuildPhase;
			buildActionMask = 2147483647;
			files = (
			);
			runOnlyForDeploymentPostprocessing = 0;
		};
/* End PBXResourcesBuildPhase section */

/* Begin PBXSourcesBuildPhase section */
		7F013B871C3D26180063172D /* Sources */ = {
			isa = PBXSourcesBuildPhase;
			buildActionMask = 2147483647;
			files = (
				7F013BC31C3D264C0063172D /* TCLScreenView.swift in Sources */,
				7F013B911C3D26180063172D /* ViewController.swift in Sources */,
				7F013B8F1C3D26180063172D /* AppDelegate.swift in Sources */,
				7F013BC41C3D264C0063172D /* TCLYButton.swift in Sources */,
			);
			runOnlyForDeploymentPostprocessing = 0;
		};
		7F013B9B1C3D26180063172D /* Sources */ = {
			isa = PBXSourcesBuildPhase;
			buildActionMask = 2147483647;
			files = (
				7F013BA41C3D26190063172D /* TCLScreenViewTests.swift in Sources */,
			);
			runOnlyForDeploymentPostprocessing = 0;
		};
		7F013BA61C3D26190063172D /* Sources */ = {
			isa = PBXSourcesBuildPhase;
			buildActionMask = 2147483647;
			files = (
				7F013BAF1C3D26190063172D /* TCLScreenViewUITests.swift in Sources */,
			);
			runOnlyForDeploymentPostprocessing = 0;
		};
/* End PBXSourcesBuildPhase section */

/* Begin PBXTargetDependency section */
		7F013BA11C3D26180063172D /* PBXTargetDependency */ = {
			isa = PBXTargetDependency;
			target = 7F013B8A1C3D26180063172D /* TCLScreenView */;
			targetProxy = 7F013BA01C3D26180063172D /* PBXContainerItemProxy */;
		};
		7F013BAC1C3D26190063172D /* PBXTargetDependency */ = {
			isa = PBXTargetDependency;
			target = 7F013B8A1C3D26180063172D /* TCLScreenView */;
			targetProxy = 7F013BAB1C3D26190063172D /* PBXContainerItemProxy */;
		};
/* End PBXTargetDependency section */

/* Begin PBXVariantGroup section */
		7F013B921C3D26180063172D /* Main.storyboard */ = {
			isa = PBXVariantGroup;
			children = (
				7F013B931C3D26180063172D /* Base */,
			);
			name = Main.storyboard;
			sourceTree = "<group>";
		};
		7F013B971C3D26180063172D /* LaunchScreen.storyboard */ = {
			isa = PBXVariantGroup;
			children = (
				7F013B981C3D26180063172D /* Base */,
			);
			name = LaunchScreen.storyboard;
			sourceTree = "<group>";
		};
/* End PBXVariantGroup section */

/* Begin XCBuildConfiguration section */
		7F013BB11C3D26190063172D /* Debug */ = {
			isa = XCBuildConfiguration;
			buildSettings = {
				ALWAYS_SEARCH_USER_PATHS = NO;
				CLANG_CXX_LANGUAGE_STANDARD = "gnu++0x";
				CLANG_CXX_LIBRARY = "libc++";
				CLANG_ENABLE_MODULES = YES;
				CLANG_ENABLE_OBJC_ARC = YES;
				CLANG_WARN_BOOL_CONVERSION = YES;
				CLANG_WARN_CONSTANT_CONVERSION = YES;
				CLANG_WARN_DIRECT_OBJC_ISA_USAGE = YES_ERROR;
				CLANG_WARN_EMPTY_BODY = YES;
				CLANG_WARN_ENUM_CONVERSION = YES;
				CLANG_WARN_INT_CONVERSION = YES;
				CLANG_WARN_OBJC_ROOT_CLASS = YES_ERROR;
				CLANG_WARN_UNREACHABLE_CODE = YES;
				CLANG_WARN__DUPLICATE_METHOD_MATCH = YES;
				"CODE_SIGN_IDENTITY[sdk=iphoneos*]" = "iPhone Developer";
				COPY_PHASE_STRIP = NO;
				DEBUG_INFORMATION_FORMAT = dwarf;
				ENABLE_STRICT_OBJC_MSGSEND = YES;
				ENABLE_TESTABILITY = YES;
				GCC_C_LANGUAGE_STANDARD = gnu99;
				GCC_DYNAMIC_NO_PIC = NO;
				GCC_NO_COMMON_BLOCKS = YES;
				GCC_OPTIMIZATION_LEVEL = 0;
				GCC_PREPROCESSOR_DEFINITIONS = (
					"DEBUG=1",
					"$(inherited)",
				);
				GCC_WARN_64_TO_32_BIT_CONVERSION = YES;
				GCC_WARN_ABOUT_RETURN_TYPE = YES_ERROR;
				GCC_WARN_UNDECLARED_SELECTOR = YES;
				GCC_WARN_UNINITIALIZED_AUTOS = YES_AGGRESSIVE;
				GCC_WARN_UNUSED_FUNCTION = YES;
				GCC_WARN_UNUSED_VARIABLE = YES;
				IPHONEOS_DEPLOYMENT_TARGET = 9.2;
				MTL_ENABLE_DEBUG_INFO = YES;
				ONLY_ACTIVE_ARCH = YES;
				SDKROOT = iphoneos;
				SWIFT_OPTIMIZATION_LEVEL = "-Onone";
			};
			name = Debug;
		};
		7F013BB21C3D26190063172D /* Release */ = {
			isa = XCBuildConfiguration;
			buildSettings = {
				ALWAYS_SEARCH_USER_PATHS = NO;
				CLANG_CXX_LANGUAGE_STANDARD = "gnu++0x";
				CLANG_CXX_LIBRARY = "libc++";
				CLANG_ENABLE_MODULES = YES;
				CLANG_ENABLE_OBJC_ARC = YES;
				CLANG_WARN_BOOL_CONVERSION = YES;
				CLANG_WARN_CONSTANT_CONVERSION = YES;
				CLANG_WARN_DIRECT_OBJC_ISA_USAGE = YES_ERROR;
				CLANG_WARN_EMPTY_BODY = YES;
				CLANG_WARN_ENUM_CONVERSION = YES;
				CLANG_WARN_INT_CONVERSION = YES;
				CLANG_WARN_OBJC_ROOT_CLASS = YES_ERROR;
				CLANG_WARN_UNREACHABLE_CODE = YES;
				CLANG_WARN__DUPLICATE_METHOD_MATCH = YES;
				"CODE_SIGN_IDENTITY[sdk=iphoneos*]" = "iPhone Developer";
				COPY_PHASE_STRIP = NO;
				DEBUG_INFORMATION_FORMAT = "dwarf-with-dsym";
				ENABLE_NS_ASSERTIONS = NO;
				ENABLE_STRICT_OBJC_MSGSEND = YES;
				GCC_C_LANGUAGE_STANDARD = gnu99;
				GCC_NO_COMMON_BLOCKS = YES;
				GCC_WARN_64_TO_32_BIT_CONVERSION = YES;
				GCC_WARN_ABOUT_RETURN_TYPE = YES_ERROR;
				GCC_WARN_UNDECLARED_SELECTOR = YES;
				GCC_WARN_UNINITIALIZED_AUTOS = YES_AGGRESSIVE;
				GCC_WARN_UNUSED_FUNCTION = YES;
				GCC_WARN_UNUSED_VARIABLE = YES;
				IPHONEOS_DEPLOYMENT_TARGET = 9.2;
				MTL_ENABLE_DEBUG_INFO = NO;
				SDKROOT = iphoneos;
				VALIDATE_PRODUCT = YES;
			};
			name = Release;
		};
		7F013BB41C3D26190063172D /* Debug */ = {
			isa = XCBuildConfiguration;
			buildSettings = {
				ASSETCATALOG_COMPILER_APPICON_NAME = AppIcon;
				INFOPLIST_FILE = TCLScreenView/Info.plist;
				LD_RUNPATH_SEARCH_PATHS = "$(inherited) @executable_path/Frameworks";
				PRODUCT_BUNDLE_IDENTIFIER = com.alitan2014.TCLScreenView;
				PRODUCT_NAME = "$(TARGET_NAME)";
			};
			name = Debug;
		};
		7F013BB51C3D26190063172D /* Release */ = {
			isa = XCBuildConfiguration;
			buildSettings = {
				ASSETCATALOG_COMPILER_APPICON_NAME = AppIcon;
				INFOPLIST_FILE = TCLScreenView/Info.plist;
				LD_RUNPATH_SEARCH_PATHS = "$(inherited) @executable_path/Frameworks";
				PRODUCT_BUNDLE_IDENTIFIER = com.alitan2014.TCLScreenView;
				PRODUCT_NAME = "$(TARGET_NAME)";
			};
			name = Release;
		};
		7F013BB71C3D26190063172D /* Debug */ = {
			isa = XCBuildConfiguration;
			buildSettings = {
				BUNDLE_LOADER = "$(TEST_HOST)";
				INFOPLIST_FILE = TCLScreenViewTests/Info.plist;
				LD_RUNPATH_SEARCH_PATHS = "$(inherited) @executable_path/Frameworks @loader_path/Frameworks";
				PRODUCT_BUNDLE_IDENTIFIER = com.alitan2014.TCLScreenViewTests;
				PRODUCT_NAME = "$(TARGET_NAME)";
				TEST_HOST = "$(BUILT_PRODUCTS_DIR)/TCLScreenView.app/TCLScreenView";
			};
			name = Debug;
		};
		7F013BB81C3D26190063172D /* Release */ = {
			isa = XCBuildConfiguration;
			buildSettings = {
				BUNDLE_LOADER = "$(TEST_HOST)";
				INFOPLIST_FILE = TCLScreenViewTests/Info.plist;
				LD_RUNPATH_SEARCH_PATHS = "$(inherited) @executable_path/Frameworks @loader_path/Frameworks";
				PRODUCT_BUNDLE_IDENTIFIER = com.alitan2014.TCLScreenViewTests;
				PRODUCT_NAME = "$(TARGET_NAME)";
				TEST_HOST = "$(BUILT_PRODUCTS_DIR)/TCLScreenView.app/TCLScreenView";
			};
			name = Release;
		};
		7F013BBA1C3D26190063172D /* Debug */ = {
			isa = XCBuildConfiguration;
			buildSettings = {
				INFOPLIST_FILE = TCLScreenViewUITests/Info.plist;
				LD_RUNPATH_SEARCH_PATHS = "$(inherited) @executable_path/Frameworks @loader_path/Frameworks";
				PRODUCT_BUNDLE_IDENTIFIER = com.alitan2014.TCLScreenViewUITests;
				PRODUCT_NAME = "$(TARGET_NAME)";
				TEST_TARGET_NAME = TCLScreenView;
				USES_XCTRUNNER = YES;
			};
			name = Debug;
		};
		7F013BBB1C3D26190063172D /* Release */ = {
			isa = XCBuildConfiguration;
			buildSettings = {
				INFOPLIST_FILE = TCLScreenViewUITests/Info.plist;
				LD_RUNPATH_SEARCH_PATHS = "$(inherited) @executable_path/Frameworks @loader_path/Frameworks";
				PRODUCT_BUNDLE_IDENTIFIER = com.alitan2014.TCLScreenViewUITests;
				PRODUCT_NAME = "$(TARGET_NAME)";
				TEST_TARGET_NAME = TCLScreenView;
				USES_XCTRUNNER = YES;
			};
			name = Release;
		};
/* End XCBuildConfiguration section */

/* Begin XCConfigurationList section */
		7F013B861C3D26180063172D /* Build configuration list for PBXProject "TCLScreenView" */ = {
			isa = XCConfigurationList;
			buildConfigurations = (
				7F013BB11C3D26190063172D /* Debug */,
				7F013BB21C3D26190063172D /* Release */,
			);
			defaultConfigurationIsVisible = 0;
			defaultConfigurationName = Release;
		};
		7F013BB31C3D26190063172D /* Build configuration list for PBXNativeTarget "TCLScreenView" */ = {
			isa = XCConfigurationList;
			buildConfigurations = (
				7F013BB41C3D26190063172D /* Debug */,
				7F013BB51C3D26190063172D /* Release */,
			);
			defaultConfigurationIsVisible = 0;
		};
		7F013BB61C3D26190063172D /* Build configuration list for PBXNativeTarget "TCLScreenViewTests" */ = {
			isa = XCConfigurationList;
			buildConfigurations = (
				7F013BB71C3D26190063172D /* Debug */,
				7F013BB81C3D26190063172D /* Release */,
			);
			defaultConfigurationIsVisible = 0;
		};
		7F013BB91C3D26190063172D /* Build configuration list for PBXNativeTarget "TCLScreenViewUITests" */ = {
			isa = XCConfigurationList;
			buildConfigurations = (
				7F013BBA1C3D26190063172D /* Debug */,
				7F013BBB1C3D26190063172D /* Release */,
			);
			defaultConfigurationIsVisible = 0;
		};
/* End XCConfigurationList section */
	};
	rootObject = 7F013B831C3D26180063172D /* Project object */;
}
